
Microsoft Visual Studio Solution File, Format Version 12.00
# Visual Studio Version 17
VisualStudioVersion = 17.10.35013.160
MinimumVisualStudioVersion = 10.0.40219.1
Project("{FAE04EC0-301F-11D3-BF4B-00C04F79EFBC}") = "Matrix Layer Rotation", "Matrix Layer Rotation\Matrix Layer Rotation.csproj", "{CDAD3271-C7ED-4C35-AA01-482FF17B7E5E}"
EndProject
Global
	GlobalSection(SolutionConfigurationPlatforms) = preSolution
		Debug|Any CPU = Debug|Any CPU
		Release|Any CPU = Release|Any CPU
	EndGlobalSection
	GlobalSection(ProjectConfigurationPlatforms) = postSolution
		{CDAD3271-C7ED-4C35-AA01-482FF17B7E5E}.Debug|Any CPU.ActiveCfg = Debug|Any CPU
		{CDAD3271-C7ED-4C35-AA01-482FF17B7E5E}.Debug|Any CPU.Build.0 = Debug|Any CPU
		{CDAD3271-C7ED-4C35-AA01-482FF17B7E5E}.Release|Any CPU.ActiveCfg = Release|Any CPU
		{CDAD3271-C7ED-4C35-AA01-482FF17B7E5E}.Release|Any CPU.Build.0 = Release|Any CPU
	EndGlobalSection
	GlobalSection(SolutionProperties) = preSolution
		HideSolutionNode = FALSE
	EndGlobalSection
	GlobalSection(ExtensibilityGlobals) = postSolution
		SolutionGuid = {538F28CB-5293-42E0-8689-183DEA50C418}
	EndGlobalSection
EndGlobal
