
Microsoft Visual Studio Solution File, Format Version 12.00
# Visual Studio Version 17
VisualStudioVersion = 17.10.35013.160
MinimumVisualStudioVersion = 10.0.40219.1
Project("{FAE04EC0-301F-11D3-BF4B-00C04F79EFBC}") = "Gridland Metro", "Gridland Metro\Gridland Metro.csproj", "{78A6945B-8E67-4EC2-A874-8E9434345C80}"
EndProject
Global
	GlobalSection(SolutionConfigurationPlatforms) = preSolution
		Debug|Any CPU = Debug|Any CPU
		Release|Any CPU = Release|Any CPU
	EndGlobalSection
	GlobalSection(ProjectConfigurationPlatforms) = postSolution
		{78A6945B-8E67-4EC2-A874-8E9434345C80}.Debug|Any CPU.ActiveCfg = Debug|Any CPU
		{78A6945B-8E67-4EC2-A874-8E9434345C80}.Debug|Any CPU.Build.0 = Debug|Any CPU
		{78A6945B-8E67-4EC2-A874-8E9434345C80}.Release|Any CPU.ActiveCfg = Release|Any CPU
		{78A6945B-8E67-4EC2-A874-8E9434345C80}.Release|Any CPU.Build.0 = Release|Any CPU
	EndGlobalSection
	GlobalSection(SolutionProperties) = preSolution
		HideSolutionNode = FALSE
	EndGlobalSection
	GlobalSection(ExtensibilityGlobals) = postSolution
		SolutionGuid = {62785C42-9AD7-42F5-90F5-7B8BB11F6206}
	EndGlobalSection
EndGlobal
